
Microsoft Visual Studio Solution File, Format Version 12.00
# Visual Studio 2012
Project("{FAE04EC0-301F-11D3-BF4B-00C04F79EFBC}") = "TdxTechTest", "src\TdxTechTest\TdxTechTest.csproj", "{CCB6F740-A74F-4238-A700-D755FF144165}"
EndProject
Project("{FAE04EC0-301F-11D3-BF4B-00C04F79EFBC}") = "TdxTechTest.Data", "src\TdxTechTest.Data\TdxTechTest.Data.csproj", "{47E84A0F-D427-432B-AD8A-67D2E6712E9A}"
EndProject
Global
	GlobalSection(SolutionConfigurationPlatforms) = preSolution
		Debug|Any CPU = Debug|Any CPU
		Release|Any CPU = Release|Any CPU
	EndGlobalSection
	GlobalSection(ProjectConfigurationPlatforms) = postSolution
		{CCB6F740-A74F-4238-A700-D755FF144165}.Debug|Any CPU.ActiveCfg = Debug|Any CPU
		{CCB6F740-A74F-4238-A700-D755FF144165}.Debug|Any CPU.Build.0 = Debug|Any CPU
		{CCB6F740-A74F-4238-A700-D755FF144165}.Release|Any CPU.ActiveCfg = Release|Any CPU
		{CCB6F740-A74F-4238-A700-D755FF144165}.Release|Any CPU.Build.0 = Release|Any CPU
		{47E84A0F-D427-432B-AD8A-67D2E6712E9A}.Debug|Any CPU.ActiveCfg = Debug|Any CPU
		{47E84A0F-D427-432B-AD8A-67D2E6712E9A}.Debug|Any CPU.Build.0 = Debug|Any CPU
		{47E84A0F-D427-432B-AD8A-67D2E6712E9A}.Release|Any CPU.ActiveCfg = Release|Any CPU
		{47E84A0F-D427-432B-AD8A-67D2E6712E9A}.Release|Any CPU.Build.0 = Release|Any CPU
	EndGlobalSection
EndGlobal
